// !$*UTF8*$!
{
	archiveVersion = 1;
	classes = {
	};
	objectVersion = 52;
	objects = {

/* Begin PBXBuildFile section */
		1E29DE9031F1F3EFF2CD09A4 /* Pods_face_mbti.framework in Frameworks */ = {isa = PBXBuildFile; fileRef = 13B805EFF759D1C8EB8DD3A9 /* Pods_face_mbti.framework */; };
		CC08EFCA263707B7000920D1 /* Color+HexString.swift in Sources */ = {isa = PBXBuildFile; fileRef = CC08EFC9263707B7000920D1 /* Color+HexString.swift */; };
		CC08EFCE263707D1000920D1 /* HapticFeedback.swift in Sources */ = {isa = PBXBuildFile; fileRef = CC08EFCD263707D1000920D1 /* HapticFeedback.swift */; };
		CC08F01426370C17000920D1 /* PieSlice.swift in Sources */ = {isa = PBXBuildFile; fileRef = CC08F01326370C17000920D1 /* PieSlice.swift */; };
		CC08F01D26370C91000920D1 /* pieSliceTests.swift in Sources */ = {isa = PBXBuildFile; fileRef = CC08F01C26370C91000920D1 /* pieSliceTests.swift */; };
		CC0EC56A263866010072E88B /* Collection+Enumerated.swift in Sources */ = {isa = PBXBuildFile; fileRef = CC0EC569263866010072E88B /* Collection+Enumerated.swift */; };
		CC2F6B1D261DF3120027322F /* AllertaStencil.ttf in Resources */ = {isa = PBXBuildFile; fileRef = CC2F6B1B261DF3120027322F /* AllertaStencil.ttf */; };
		CC2F6B24261DF5040027322F /* Garamond.ttf in Resources */ = {isa = PBXBuildFile; fileRef = CC2F6B23261DF5010027322F /* Garamond.ttf */; };
		CC461A9D2614B9BD00CF7957 /* SwiftUIX in Frameworks */ = {isa = PBXBuildFile; productRef = CC461A9C2614B9BD00CF7957 /* SwiftUIX */; };
		CC68B50C2621B23B000942F6 /* SwiftUI+AlamofireImage.swift in Sources */ = {isa = PBXBuildFile; fileRef = CC68B50B2621B23B000942F6 /* SwiftUI+AlamofireImage.swift */; };
		CC7CBA162632F9060066BD4C /* GoogleService-Info.plist in Resources */ = {isa = PBXBuildFile; fileRef = CC7CBA152632F9060066BD4C /* GoogleService-Info.plist */; };
		CC89D97E26331313003E5180 /* CharacterText.swift in Sources */ = {isa = PBXBuildFile; fileRef = CC89D97D26331313003E5180 /* CharacterText.swift */; };
		CC98893A2621A9BC000A9D09 /* PieChartRow.swift in Sources */ = {isa = PBXBuildFile; fileRef = CC9889362621A9BC000A9D09 /* PieChartRow.swift */; };
		CC98893B2621A9BC000A9D09 /* PieChartCell.swift in Sources */ = {isa = PBXBuildFile; fileRef = CC9889372621A9BC000A9D09 /* PieChartCell.swift */; };
		CC98893C2621A9BC000A9D09 /* PieChartView.swift in Sources */ = {isa = PBXBuildFile; fileRef = CC9889382621A9BC000A9D09 /* PieChartView.swift */; };
		CC98893D2621A9BC000A9D09 /* Geometry++.swift in Sources */ = {isa = PBXBuildFile; fileRef = CC9889392621A9BC000A9D09 /* Geometry++.swift */; };
		CCA333FB262492CE00E80900 /* SwiftUI+Font.swift in Sources */ = {isa = PBXBuildFile; fileRef = CCA333FA262492CE00E80900 /* SwiftUI+Font.swift */; };
		CCB06A812622080F0024ABE7 /* CelebrityView.swift in Sources */ = {isa = PBXBuildFile; fileRef = CCB06A802622080F0024ABE7 /* CelebrityView.swift */; };
		CCB06A85262208570024ABE7 /* Celebrity.swift in Sources */ = {isa = PBXBuildFile; fileRef = CCB06A84262208570024ABE7 /* Celebrity.swift */; };
		CCB6B2A2262DC906004DF9D1 /* LineChartView.swift in Sources */ = {isa = PBXBuildFile; fileRef = CCB6B2A1262DC906004DF9D1 /* LineChartView.swift */; };
		CCB6B2A7262DD097004DF9D1 /* LineChartItemView.swift in Sources */ = {isa = PBXBuildFile; fileRef = CCB6B2A6262DD097004DF9D1 /* LineChartItemView.swift */; };
		CCB6B2AB262DD0B2004DF9D1 /* LineChartItem.swift in Sources */ = {isa = PBXBuildFile; fileRef = CCB6B2AA262DD0B2004DF9D1 /* LineChartItem.swift */; };
		CCF0EAB72639A1F7009DEEC6 /* Colors.swift in Sources */ = {isa = PBXBuildFile; fileRef = CCF0EAB62639A1F7009DEEC6 /* Colors.swift */; };
		CCFB9705261DF99B00B6443E /* face_mbtiTests.swift in Sources */ = {isa = PBXBuildFile; fileRef = CCFB9704261DF99B00B6443E /* face_mbtiTests.swift */; };
		CFE9A1F826121950009EB96D /* PredictionResult.swift in Sources */ = {isa = PBXBuildFile; fileRef = CFE9A1F726121950009EB96D /* PredictionResult.swift */; };
		CFE9A1FA26121EE9009EB96D /* Encodable+jsonString.swift in Sources */ = {isa = PBXBuildFile; fileRef = CFE9A1F926121EE9009EB96D /* Encodable+jsonString.swift */; };
		F40A9CC32610384A00CC47BA /* AppDelegate.swift in Sources */ = {isa = PBXBuildFile; fileRef = F40A9CC22610384A00CC47BA /* AppDelegate.swift */; };
		F40A9CC52610384A00CC47BA /* SceneDelegate.swift in Sources */ = {isa = PBXBuildFile; fileRef = F40A9CC42610384A00CC47BA /* SceneDelegate.swift */; };
		F40A9CC72610384A00CC47BA /* UploadView.swift in Sources */ = {isa = PBXBuildFile; fileRef = F40A9CC62610384A00CC47BA /* UploadView.swift */; };
		F40A9CCC2610384A00CC47BA /* Preview Assets.xcassets in Resources */ = {isa = PBXBuildFile; fileRef = F40A9CCB2610384A00CC47BA /* Preview Assets.xcassets */; };
		F40A9CCF2610384A00CC47BA /* LaunchScreen.storyboard in Resources */ = {isa = PBXBuildFile; fileRef = F40A9CCD2610384A00CC47BA /* LaunchScreen.storyboard */; };
		F48F0B8D261043600093F1FB /* .swiftlint.yml in Resources */ = {isa = PBXBuildFile; fileRef = F48F0B8C261043600093F1FB /* .swiftlint.yml */; };
		F48F0B9E261044DE0093F1FB /* LoadingView.swift in Sources */ = {isa = PBXBuildFile; fileRef = F48F0B9D261044DE0093F1FB /* LoadingView.swift */; };
		F48F0BA526104D280093F1FB /* ResultTabView.swift in Sources */ = {isa = PBXBuildFile; fileRef = F48F0BA426104D280093F1FB /* ResultTabView.swift */; };
		F49C614026103D9900457697 /* Colors.xcassets in Resources */ = {isa = PBXBuildFile; fileRef = F49C613F26103D9900457697 /* Colors.xcassets */; };
		F49C614426103DA100457697 /* Assets.xcassets in Resources */ = {isa = PBXBuildFile; fileRef = F49C614326103DA100457697 /* Assets.xcassets */; };
		F4F343FA2610410000BD71E1 /* SwiftUI+Rswift.swift in Sources */ = {isa = PBXBuildFile; fileRef = F4F343F92610410000BD71E1 /* SwiftUI+Rswift.swift */; };
		F4F344032610416100BD71E1 /* R.generated.swift in Sources */ = {isa = PBXBuildFile; fileRef = F4F344022610416100BD71E1 /* R.generated.swift */; };
/* End PBXBuildFile section */

/* Begin PBXContainerItemProxy section */
		CCFB9707261DF99B00B6443E /* PBXContainerItemProxy */ = {
			isa = PBXContainerItemProxy;
			containerPortal = F40A9CB72610384A00CC47BA /* Project object */;
			proxyType = 1;
			remoteGlobalIDString = F40A9CBE2610384A00CC47BA;
			remoteInfo = "face-mbti";
		};
/* End PBXContainerItemProxy section */

/* Begin PBXFileReference section */
		13B805EFF759D1C8EB8DD3A9 /* Pods_face_mbti.framework */ = {isa = PBXFileReference; explicitFileType = wrapper.framework; includeInIndex = 0; path = Pods_face_mbti.framework; sourceTree = BUILT_PRODUCTS_DIR; };
		CC08EFC9263707B7000920D1 /* Color+HexString.swift */ = {isa = PBXFileReference; lastKnownFileType = sourcecode.swift; path = "Color+HexString.swift"; sourceTree = "<group>"; };
		CC08EFCD263707D1000920D1 /* HapticFeedback.swift */ = {isa = PBXFileReference; lastKnownFileType = sourcecode.swift; path = HapticFeedback.swift; sourceTree = "<group>"; };
		CC08F01326370C17000920D1 /* PieSlice.swift */ = {isa = PBXFileReference; lastKnownFileType = sourcecode.swift; path = PieSlice.swift; sourceTree = "<group>"; };
		CC08F01C26370C91000920D1 /* pieSliceTests.swift */ = {isa = PBXFileReference; lastKnownFileType = sourcecode.swift; path = pieSliceTests.swift; sourceTree = "<group>"; };
		CC0EC569263866010072E88B /* Collection+Enumerated.swift */ = {isa = PBXFileReference; lastKnownFileType = sourcecode.swift; path = "Collection+Enumerated.swift"; sourceTree = "<group>"; };
		CC2F6B1B261DF3120027322F /* AllertaStencil.ttf */ = {isa = PBXFileReference; lastKnownFileType = file; path = AllertaStencil.ttf; sourceTree = "<group>"; };
		CC2F6B23261DF5010027322F /* Garamond.ttf */ = {isa = PBXFileReference; lastKnownFileType = file; path = Garamond.ttf; sourceTree = "<group>"; };
		CC68B50B2621B23B000942F6 /* SwiftUI+AlamofireImage.swift */ = {isa = PBXFileReference; lastKnownFileType = sourcecode.swift; path = "SwiftUI+AlamofireImage.swift"; sourceTree = "<group>"; };
		CC7CBA152632F9060066BD4C /* GoogleService-Info.plist */ = {isa = PBXFileReference; fileEncoding = 4; lastKnownFileType = text.plist.xml; path = "GoogleService-Info.plist"; sourceTree = "<group>"; };
		CC89D97D26331313003E5180 /* CharacterText.swift */ = {isa = PBXFileReference; lastKnownFileType = sourcecode.swift; path = CharacterText.swift; sourceTree = "<group>"; };
		CC9889362621A9BC000A9D09 /* PieChartRow.swift */ = {isa = PBXFileReference; fileEncoding = 4; lastKnownFileType = sourcecode.swift; path = PieChartRow.swift; sourceTree = "<group>"; };
		CC9889372621A9BC000A9D09 /* PieChartCell.swift */ = {isa = PBXFileReference; fileEncoding = 4; lastKnownFileType = sourcecode.swift; path = PieChartCell.swift; sourceTree = "<group>"; };
		CC9889382621A9BC000A9D09 /* PieChartView.swift */ = {isa = PBXFileReference; fileEncoding = 4; lastKnownFileType = sourcecode.swift; path = PieChartView.swift; sourceTree = "<group>"; };
		CC9889392621A9BC000A9D09 /* Geometry++.swift */ = {isa = PBXFileReference; fileEncoding = 4; lastKnownFileType = sourcecode.swift; path = "Geometry++.swift"; sourceTree = "<group>"; };
		CCA333FA262492CE00E80900 /* SwiftUI+Font.swift */ = {isa = PBXFileReference; lastKnownFileType = sourcecode.swift; path = "SwiftUI+Font.swift"; sourceTree = "<group>"; };
		CCB06A802622080F0024ABE7 /* CelebrityView.swift */ = {isa = PBXFileReference; lastKnownFileType = sourcecode.swift; path = CelebrityView.swift; sourceTree = "<group>"; };
		CCB06A84262208570024ABE7 /* Celebrity.swift */ = {isa = PBXFileReference; lastKnownFileType = sourcecode.swift; path = Celebrity.swift; sourceTree = "<group>"; };
		CCB6B2A1262DC906004DF9D1 /* LineChartView.swift */ = {isa = PBXFileReference; lastKnownFileType = sourcecode.swift; path = LineChartView.swift; sourceTree = "<group>"; };
		CCB6B2A6262DD097004DF9D1 /* LineChartItemView.swift */ = {isa = PBXFileReference; lastKnownFileType = sourcecode.swift; path = LineChartItemView.swift; sourceTree = "<group>"; };
		CCB6B2AA262DD0B2004DF9D1 /* LineChartItem.swift */ = {isa = PBXFileReference; lastKnownFileType = sourcecode.swift; path = LineChartItem.swift; sourceTree = "<group>"; };
		CCF0EAB62639A1F7009DEEC6 /* Colors.swift */ = {isa = PBXFileReference; lastKnownFileType = sourcecode.swift; path = Colors.swift; sourceTree = "<group>"; };
		CCFB9702261DF99B00B6443E /* face-mbtiTests.xctest */ = {isa = PBXFileReference; explicitFileType = wrapper.cfbundle; includeInIndex = 0; path = "face-mbtiTests.xctest"; sourceTree = BUILT_PRODUCTS_DIR; };
		CCFB9704261DF99B00B6443E /* face_mbtiTests.swift */ = {isa = PBXFileReference; lastKnownFileType = sourcecode.swift; path = face_mbtiTests.swift; sourceTree = "<group>"; };
		CCFB9706261DF99B00B6443E /* Info.plist */ = {isa = PBXFileReference; lastKnownFileType = text.plist.xml; path = Info.plist; sourceTree = "<group>"; };
		CFE9A1F726121950009EB96D /* PredictionResult.swift */ = {isa = PBXFileReference; lastKnownFileType = sourcecode.swift; path = PredictionResult.swift; sourceTree = "<group>"; };
		CFE9A1F926121EE9009EB96D /* Encodable+jsonString.swift */ = {isa = PBXFileReference; lastKnownFileType = sourcecode.swift; path = "Encodable+jsonString.swift"; sourceTree = "<group>"; };
		E6C272E5954487F4A497772F /* Pods-face-mbti.debug.xcconfig */ = {isa = PBXFileReference; includeInIndex = 1; lastKnownFileType = text.xcconfig; name = "Pods-face-mbti.debug.xcconfig"; path = "Target Support Files/Pods-face-mbti/Pods-face-mbti.debug.xcconfig"; sourceTree = "<group>"; };
		F40A9CBF2610384A00CC47BA /* face-mbti.app */ = {isa = PBXFileReference; explicitFileType = wrapper.application; includeInIndex = 0; path = "face-mbti.app"; sourceTree = BUILT_PRODUCTS_DIR; };
		F40A9CC22610384A00CC47BA /* AppDelegate.swift */ = {isa = PBXFileReference; lastKnownFileType = sourcecode.swift; path = AppDelegate.swift; sourceTree = "<group>"; };
		F40A9CC42610384A00CC47BA /* SceneDelegate.swift */ = {isa = PBXFileReference; lastKnownFileType = sourcecode.swift; path = SceneDelegate.swift; sourceTree = "<group>"; };
		F40A9CC62610384A00CC47BA /* UploadView.swift */ = {isa = PBXFileReference; lastKnownFileType = sourcecode.swift; path = UploadView.swift; sourceTree = "<group>"; };
		F40A9CCB2610384A00CC47BA /* Preview Assets.xcassets */ = {isa = PBXFileReference; lastKnownFileType = folder.assetcatalog; path = "Preview Assets.xcassets"; sourceTree = "<group>"; };
		F40A9CCE2610384A00CC47BA /* Base */ = {isa = PBXFileReference; lastKnownFileType = file.storyboard; name = Base; path = Base.lproj/LaunchScreen.storyboard; sourceTree = "<group>"; };
		F40A9CD02610384A00CC47BA /* Info.plist */ = {isa = PBXFileReference; lastKnownFileType = text.plist.xml; path = Info.plist; sourceTree = "<group>"; };
		F48F0B8C261043600093F1FB /* .swiftlint.yml */ = {isa = PBXFileReference; lastKnownFileType = text.yaml; path = .swiftlint.yml; sourceTree = "<group>"; };
		F48F0B9D261044DE0093F1FB /* LoadingView.swift */ = {isa = PBXFileReference; lastKnownFileType = sourcecode.swift; path = LoadingView.swift; sourceTree = "<group>"; };
		F48F0BA426104D280093F1FB /* ResultTabView.swift */ = {isa = PBXFileReference; lastKnownFileType = sourcecode.swift; path = ResultTabView.swift; sourceTree = "<group>"; };
		F49C613F26103D9900457697 /* Colors.xcassets */ = {isa = PBXFileReference; lastKnownFileType = folder.assetcatalog; path = Colors.xcassets; sourceTree = "<group>"; };
		F49C614326103DA100457697 /* Assets.xcassets */ = {isa = PBXFileReference; lastKnownFileType = folder.assetcatalog; path = Assets.xcassets; sourceTree = "<group>"; };
		F4F343F92610410000BD71E1 /* SwiftUI+Rswift.swift */ = {isa = PBXFileReference; lastKnownFileType = sourcecode.swift; path = "SwiftUI+Rswift.swift"; sourceTree = "<group>"; };
		F4F344022610416100BD71E1 /* R.generated.swift */ = {isa = PBXFileReference; fileEncoding = 4; lastKnownFileType = sourcecode.swift; path = R.generated.swift; sourceTree = SOURCE_ROOT; };
		FC6F7B8031A9019987650AFE /* Pods-face-mbti.release.xcconfig */ = {isa = PBXFileReference; includeInIndex = 1; lastKnownFileType = text.xcconfig; name = "Pods-face-mbti.release.xcconfig"; path = "Target Support Files/Pods-face-mbti/Pods-face-mbti.release.xcconfig"; sourceTree = "<group>"; };
/* End PBXFileReference section */

/* Begin PBXFrameworksBuildPhase section */
		CCFB96FF261DF99B00B6443E /* Frameworks */ = {
			isa = PBXFrameworksBuildPhase;
			buildActionMask = 2147483647;
			files = (
			);
			runOnlyForDeploymentPostprocessing = 0;
		};
		F40A9CBC2610384A00CC47BA /* Frameworks */ = {
			isa = PBXFrameworksBuildPhase;
			buildActionMask = 2147483647;
			files = (
				1E29DE9031F1F3EFF2CD09A4 /* Pods_face_mbti.framework in Frameworks */,
				CC461A9D2614B9BD00CF7957 /* SwiftUIX in Frameworks */,
			);
			runOnlyForDeploymentPostprocessing = 0;
		};
/* End PBXFrameworksBuildPhase section */

/* Begin PBXGroup section */
		5BCFC10B42D2435C211C591B /* Frameworks */ = {
			isa = PBXGroup;
			children = (
				13B805EFF759D1C8EB8DD3A9 /* Pods_face_mbti.framework */,
			);
			name = Frameworks;
			sourceTree = "<group>";
		};
		5CC29EC3C86E9C82EBC78660 /* Pods */ = {
			isa = PBXGroup;
			children = (
				E6C272E5954487F4A497772F /* Pods-face-mbti.debug.xcconfig */,
				FC6F7B8031A9019987650AFE /* Pods-face-mbti.release.xcconfig */,
			);
			path = Pods;
			sourceTree = "<group>";
		};
		CC08EFD526370988000920D1 /* PieChart */ = {
			isa = PBXGroup;
			children = (
				CC08F01C26370C91000920D1 /* pieSliceTests.swift */,
			);
			path = PieChart;
			sourceTree = "<group>";
		};
		CC2F6B21261DF3390027322F /* Fonts */ = {
			isa = PBXGroup;
			children = (
				CC2F6B1B261DF3120027322F /* AllertaStencil.ttf */,
				CC2F6B23261DF5010027322F /* Garamond.ttf */,
			);
			path = Fonts;
			sourceTree = "<group>";
		};
		CC9889352621A99F000A9D09 /* PieChart */ = {
			isa = PBXGroup;
			children = (
				CC9889372621A9BC000A9D09 /* PieChartCell.swift */,
				CC9889362621A9BC000A9D09 /* PieChartRow.swift */,
				CC9889382621A9BC000A9D09 /* PieChartView.swift */,
				CC08F01326370C17000920D1 /* PieSlice.swift */,
			);
			path = PieChart;
			sourceTree = "<group>";
		};
		CCB6B2A0262DC8F1004DF9D1 /* LineChart */ = {
			isa = PBXGroup;
			children = (
				CCB6B2A1262DC906004DF9D1 /* LineChartView.swift */,
				CCB6B2A6262DD097004DF9D1 /* LineChartItemView.swift */,
				CCB6B2AA262DD0B2004DF9D1 /* LineChartItem.swift */,
			);
			path = LineChart;
			sourceTree = "<group>";
		};
		CCFB9703261DF99B00B6443E /* face-mbtiTests */ = {
			isa = PBXGroup;
			children = (
				CC08EFD526370988000920D1 /* PieChart */,
				CCFB9704261DF99B00B6443E /* face_mbtiTests.swift */,
				CCFB9706261DF99B00B6443E /* Info.plist */,
			);
			path = "face-mbtiTests";
			sourceTree = "<group>";
		};
		CFE9A1F62612190E009EB96D /* Models */ = {
			isa = PBXGroup;
			children = (
				CFE9A1F726121950009EB96D /* PredictionResult.swift */,
				CCB06A84262208570024ABE7 /* Celebrity.swift */,
			);
			path = Models;
			sourceTree = "<group>";
		};
		F40A9CB62610384A00CC47BA = {
			isa = PBXGroup;
			children = (
				F48F0B8C261043600093F1FB /* .swiftlint.yml */,
				F40A9CC12610384A00CC47BA /* face-mbti */,
				CCFB9703261DF99B00B6443E /* face-mbtiTests */,
				F40A9CC02610384A00CC47BA /* Products */,
				5CC29EC3C86E9C82EBC78660 /* Pods */,
				5BCFC10B42D2435C211C591B /* Frameworks */,
			);
			sourceTree = "<group>";
		};
		F40A9CC02610384A00CC47BA /* Products */ = {
			isa = PBXGroup;
			children = (
				F40A9CBF2610384A00CC47BA /* face-mbti.app */,
				CCFB9702261DF99B00B6443E /* face-mbtiTests.xctest */,
			);
			name = Products;
			sourceTree = "<group>";
		};
		F40A9CC12610384A00CC47BA /* face-mbti */ = {
			isa = PBXGroup;
			children = (
				CCB6B2A0262DC8F1004DF9D1 /* LineChart */,
				CC9889352621A99F000A9D09 /* PieChart */,
				CFE9A1F62612190E009EB96D /* Models */,
				F48F0B7F261042740093F1FB /* Views */,
				F48F0B7B261042350093F1FB /* Resources */,
				F4F343F8261040F000BD71E1 /* Utility */,
				F40A9CC22610384A00CC47BA /* AppDelegate.swift */,
				F40A9CC42610384A00CC47BA /* SceneDelegate.swift */,
				F40A9CCD2610384A00CC47BA /* LaunchScreen.storyboard */,
				F40A9CD02610384A00CC47BA /* Info.plist */,
				F4F344022610416100BD71E1 /* R.generated.swift */,
				CC7CBA152632F9060066BD4C /* GoogleService-Info.plist */,
				F40A9CCA2610384A00CC47BA /* Preview Content */,
			);
			path = "face-mbti";
			sourceTree = "<group>";
		};
		F40A9CCA2610384A00CC47BA /* Preview Content */ = {
			isa = PBXGroup;
			children = (
				F40A9CCB2610384A00CC47BA /* Preview Assets.xcassets */,
			);
			path = "Preview Content";
			sourceTree = "<group>";
		};
		F48F0B7B261042350093F1FB /* Resources */ = {
			isa = PBXGroup;
			children = (
				CC2F6B21261DF3390027322F /* Fonts */,
				F49C614326103DA100457697 /* Assets.xcassets */,
				F49C613F26103D9900457697 /* Colors.xcassets */,
			);
			path = Resources;
			sourceTree = "<group>";
		};
		F48F0B7F261042740093F1FB /* Views */ = {
			isa = PBXGroup;
			children = (
				F40A9CC62610384A00CC47BA /* UploadView.swift */,
				F48F0B9D261044DE0093F1FB /* LoadingView.swift */,
				F48F0BA2261047E20093F1FB /* Results */,
			);
			path = Views;
			sourceTree = "<group>";
		};
		F48F0BA2261047E20093F1FB /* Results */ = {
			isa = PBXGroup;
			children = (
				F48F0BA426104D280093F1FB /* ResultTabView.swift */,
				CCB06A802622080F0024ABE7 /* CelebrityView.swift */,
				CC89D97D26331313003E5180 /* CharacterText.swift */,
			);
			path = Results;
			sourceTree = "<group>";
		};
		F4F343F8261040F000BD71E1 /* Utility */ = {
			isa = PBXGroup;
			children = (
				F4F343F92610410000BD71E1 /* SwiftUI+Rswift.swift */,
				CFE9A1F926121EE9009EB96D /* Encodable+jsonString.swift */,
				CC68B50B2621B23B000942F6 /* SwiftUI+AlamofireImage.swift */,
				CCA333FA262492CE00E80900 /* SwiftUI+Font.swift */,
				CC08EFC9263707B7000920D1 /* Color+HexString.swift */,
				CC08EFCD263707D1000920D1 /* HapticFeedback.swift */,
				CC9889392621A9BC000A9D09 /* Geometry++.swift */,
				CC0EC569263866010072E88B /* Collection+Enumerated.swift */,
				CCF0EAB62639A1F7009DEEC6 /* Colors.swift */,
			);
			path = Utility;
			sourceTree = "<group>";
		};
/* End PBXGroup section */

/* Begin PBXNativeTarget section */
		CCFB9701261DF99B00B6443E /* face-mbtiTests */ = {
			isa = PBXNativeTarget;
			buildConfigurationList = CCFB9709261DF99B00B6443E /* Build configuration list for PBXNativeTarget "face-mbtiTests" */;
			buildPhases = (
				CCFB96FE261DF99B00B6443E /* Sources */,
				CCFB96FF261DF99B00B6443E /* Frameworks */,
				CCFB9700261DF99B00B6443E /* Resources */,
			);
			buildRules = (
			);
			dependencies = (
				CCFB9708261DF99B00B6443E /* PBXTargetDependency */,
			);
			name = "face-mbtiTests";
			productName = "face-mbtiTests";
			productReference = CCFB9702261DF99B00B6443E /* face-mbtiTests.xctest */;
			productType = "com.apple.product-type.bundle.unit-test";
		};
		F40A9CBE2610384A00CC47BA /* face-mbti */ = {
			isa = PBXNativeTarget;
			buildConfigurationList = F40A9CD32610384A00CC47BA /* Build configuration list for PBXNativeTarget "face-mbti" */;
			buildPhases = (
				457BCD559D03C3BB220B3D90 /* [CP] Check Pods Manifest.lock */,
				F4F343F32610403500BD71E1 /* ShellScript */,
				F40A9CBB2610384A00CC47BA /* Sources */,
				F40A9CBC2610384A00CC47BA /* Frameworks */,
				F40A9CBD2610384A00CC47BA /* Resources */,
				8A4ACF6A4D702236175A1C78 /* [CP] Embed Pods Frameworks */,
				F48F0B82261042E70093F1FB /* ShellScript */,
			);
			buildRules = (
			);
			dependencies = (
			);
			name = "face-mbti";
			packageProductDependencies = (
				CC461A9C2614B9BD00CF7957 /* SwiftUIX */,
			);
			productName = "face-mbti";
			productReference = F40A9CBF2610384A00CC47BA /* face-mbti.app */;
			productType = "com.apple.product-type.application";
		};
/* End PBXNativeTarget section */

/* Begin PBXProject section */
		F40A9CB72610384A00CC47BA /* Project object */ = {
			isa = PBXProject;
			attributes = {
				LastSwiftUpdateCheck = 1240;
				LastUpgradeCheck = 1240;
				TargetAttributes = {
					CCFB9701261DF99B00B6443E = {
						CreatedOnToolsVersion = 12.4;
						TestTargetID = F40A9CBE2610384A00CC47BA;
					};
					F40A9CBE2610384A00CC47BA = {
						CreatedOnToolsVersion = 12.4;
					};
				};
			};
			buildConfigurationList = F40A9CBA2610384A00CC47BA /* Build configuration list for PBXProject "face-mbti" */;
			compatibilityVersion = "Xcode 9.3";
			developmentRegion = en;
			hasScannedForEncodings = 0;
			knownRegions = (
				en,
				Base,
			);
			mainGroup = F40A9CB62610384A00CC47BA;
			packageReferences = (
				CC461A9B2614B9BD00CF7957 /* XCRemoteSwiftPackageReference "SwiftUIX" */,
			);
			productRefGroup = F40A9CC02610384A00CC47BA /* Products */;
			projectDirPath = "";
			projectRoot = "";
			targets = (
				F40A9CBE2610384A00CC47BA /* face-mbti */,
				CCFB9701261DF99B00B6443E /* face-mbtiTests */,
			);
		};
/* End PBXProject section */

/* Begin PBXResourcesBuildPhase section */
		CCFB9700261DF99B00B6443E /* Resources */ = {
			isa = PBXResourcesBuildPhase;
			buildActionMask = 2147483647;
			files = (
			);
			runOnlyForDeploymentPostprocessing = 0;
		};
		F40A9CBD2610384A00CC47BA /* Resources */ = {
			isa = PBXResourcesBuildPhase;
			buildActionMask = 2147483647;
			files = (
				CC2F6B1D261DF3120027322F /* AllertaStencil.ttf in Resources */,
				CC7CBA162632F9060066BD4C /* GoogleService-Info.plist in Resources */,
				F48F0B8D261043600093F1FB /* .swiftlint.yml in Resources */,
				F40A9CCF2610384A00CC47BA /* LaunchScreen.storyboard in Resources */,
				F49C614026103D9900457697 /* Colors.xcassets in Resources */,
				F49C614426103DA100457697 /* Assets.xcassets in Resources */,
				CC2F6B24261DF5040027322F /* Garamond.ttf in Resources */,
				F40A9CCC2610384A00CC47BA /* Preview Assets.xcassets in Resources */,
			);
			runOnlyForDeploymentPostprocessing = 0;
		};
/* End PBXResourcesBuildPhase section */

/* Begin PBXShellScriptBuildPhase section */
		457BCD559D03C3BB220B3D90 /* [CP] Check Pods Manifest.lock */ = {
			isa = PBXShellScriptBuildPhase;
			buildActionMask = 2147483647;
			files = (
			);
			inputFileListPaths = (
			);
			inputPaths = (
				"${PODS_PODFILE_DIR_PATH}/Podfile.lock",
				"${PODS_ROOT}/Manifest.lock",
			);
			name = "[CP] Check Pods Manifest.lock";
			outputFileListPaths = (
			);
			outputPaths = (
				"$(DERIVED_FILE_DIR)/Pods-face-mbti-checkManifestLockResult.txt",
			);
			runOnlyForDeploymentPostprocessing = 0;
			shellPath = /bin/sh;
			shellScript = "diff \"${PODS_PODFILE_DIR_PATH}/Podfile.lock\" \"${PODS_ROOT}/Manifest.lock\" > /dev/null\nif [ $? != 0 ] ; then\n    # print error to STDERR\n    echo \"error: The sandbox is not in sync with the Podfile.lock. Run 'pod install' or update your CocoaPods installation.\" >&2\n    exit 1\nfi\n# This output is used by Xcode 'outputs' to avoid re-running this script phase.\necho \"SUCCESS\" > \"${SCRIPT_OUTPUT_FILE_0}\"\n";
			showEnvVarsInLog = 0;
		};
		8A4ACF6A4D702236175A1C78 /* [CP] Embed Pods Frameworks */ = {
			isa = PBXShellScriptBuildPhase;
			buildActionMask = 2147483647;
			files = (
			);
			inputFileListPaths = (
				"${PODS_ROOT}/Target Support Files/Pods-face-mbti/Pods-face-mbti-frameworks-${CONFIGURATION}-input-files.xcfilelist",
			);
			name = "[CP] Embed Pods Frameworks";
			outputFileListPaths = (
				"${PODS_ROOT}/Target Support Files/Pods-face-mbti/Pods-face-mbti-frameworks-${CONFIGURATION}-output-files.xcfilelist",
			);
			runOnlyForDeploymentPostprocessing = 0;
			shellPath = /bin/sh;
			shellScript = "\"${PODS_ROOT}/Target Support Files/Pods-face-mbti/Pods-face-mbti-frameworks.sh\"\n";
			showEnvVarsInLog = 0;
		};
		F48F0B82261042E70093F1FB /* ShellScript */ = {
			isa = PBXShellScriptBuildPhase;
			buildActionMask = 2147483647;
			files = (
			);
			inputFileListPaths = (
			);
			inputPaths = (
			);
			outputFileListPaths = (
			);
			outputPaths = (
			);
			runOnlyForDeploymentPostprocessing = 0;
			shellPath = /bin/sh;
			shellScript = "${PODS_ROOT}/SwiftLint/swiftlint autocorrect\n";
		};
		F4F343F32610403500BD71E1 /* ShellScript */ = {
			isa = PBXShellScriptBuildPhase;
			buildActionMask = 2147483647;
			files = (
			);
			inputFileListPaths = (
			);
			inputPaths = (
				"$TEMP_DIR/rswift-lastrun",
			);
			outputFileListPaths = (
			);
			outputPaths = (
				$SRCROOT/R.generated.swift,
			);
			runOnlyForDeploymentPostprocessing = 0;
			shellPath = /bin/sh;
			shellScript = "\"$PODS_ROOT/R.swift/rswift\" generate \"$SRCROOT/R.generated.swift\"\n";
		};
/* End PBXShellScriptBuildPhase section */

/* Begin PBXSourcesBuildPhase section */
		CCFB96FE261DF99B00B6443E /* Sources */ = {
			isa = PBXSourcesBuildPhase;
			buildActionMask = 2147483647;
			files = (
				CCFB9705261DF99B00B6443E /* face_mbtiTests.swift in Sources */,
				CC08F01D26370C91000920D1 /* pieSliceTests.swift in Sources */,
			);
			runOnlyForDeploymentPostprocessing = 0;
		};
		F40A9CBB2610384A00CC47BA /* Sources */ = {
			isa = PBXSourcesBuildPhase;
			buildActionMask = 2147483647;
			files = (
				CC68B50C2621B23B000942F6 /* SwiftUI+AlamofireImage.swift in Sources */,
				CC98893D2621A9BC000A9D09 /* Geometry++.swift in Sources */,
				CC98893C2621A9BC000A9D09 /* PieChartView.swift in Sources */,
				CC98893A2621A9BC000A9D09 /* PieChartRow.swift in Sources */,
				CFE9A1FA26121EE9009EB96D /* Encodable+jsonString.swift in Sources */,
				F40A9CC32610384A00CC47BA /* AppDelegate.swift in Sources */,
				CCB6B2A7262DD097004DF9D1 /* LineChartItemView.swift in Sources */,
				F40A9CC52610384A00CC47BA /* SceneDelegate.swift in Sources */,
				F4F344032610416100BD71E1 /* R.generated.swift in Sources */,
				CC98893B2621A9BC000A9D09 /* PieChartCell.swift in Sources */,
				CCB6B2AB262DD0B2004DF9D1 /* LineChartItem.swift in Sources */,
				F40A9CC72610384A00CC47BA /* UploadView.swift in Sources */,
				CC08EFCE263707D1000920D1 /* HapticFeedback.swift in Sources */,
				CCB06A812622080F0024ABE7 /* CelebrityView.swift in Sources */,
				CCA333FB262492CE00E80900 /* SwiftUI+Font.swift in Sources */,
				CCB06A85262208570024ABE7 /* Celebrity.swift in Sources */,
				CC0EC56A263866010072E88B /* Collection+Enumerated.swift in Sources */,
				CCB6B2A2262DC906004DF9D1 /* LineChartView.swift in Sources */,
				CC08EFCA263707B7000920D1 /* Color+HexString.swift in Sources */,
				F4F343FA2610410000BD71E1 /* SwiftUI+Rswift.swift in Sources */,
				CC08F01426370C17000920D1 /* PieSlice.swift in Sources */,
				CCF0EAB72639A1F7009DEEC6 /* Colors.swift in Sources */,
				CC89D97E26331313003E5180 /* CharacterText.swift in Sources */,
				CFE9A1F826121950009EB96D /* PredictionResult.swift in Sources */,
				F48F0BA526104D280093F1FB /* ResultTabView.swift in Sources */,
				F48F0B9E261044DE0093F1FB /* LoadingView.swift in Sources */,
			);
			runOnlyForDeploymentPostprocessing = 0;
		};
/* End PBXSourcesBuildPhase section */

/* Begin PBXTargetDependency section */
		CCFB9708261DF99B00B6443E /* PBXTargetDependency */ = {
			isa = PBXTargetDependency;
			target = F40A9CBE2610384A00CC47BA /* face-mbti */;
			targetProxy = CCFB9707261DF99B00B6443E /* PBXContainerItemProxy */;
		};
/* End PBXTargetDependency section */

/* Begin PBXVariantGroup section */
		F40A9CCD2610384A00CC47BA /* LaunchScreen.storyboard */ = {
			isa = PBXVariantGroup;
			children = (
				F40A9CCE2610384A00CC47BA /* Base */,
			);
			name = LaunchScreen.storyboard;
			sourceTree = "<group>";
		};
/* End PBXVariantGroup section */

/* Begin XCBuildConfiguration section */
		CCFB970A261DF99B00B6443E /* Debug */ = {
			isa = XCBuildConfiguration;
			buildSettings = {
				BUNDLE_LOADER = "$(TEST_HOST)";
				CODE_SIGN_STYLE = Automatic;
				DEVELOPMENT_TEAM = 56UXM88S2N;
				HEADER_SEARCH_PATHS = "${SRCROOT}/Pods/Firebase/CoreOnly/Sources";
				INFOPLIST_FILE = "face-mbtiTests/Info.plist";
				LD_RUNPATH_SEARCH_PATHS = (
					"$(inherited)",
					"@executable_path/Frameworks",
					"@loader_path/Frameworks",
				);
				PRODUCT_BUNDLE_IDENTIFIER = "com.face-mbti.face-mbtiTests";
				PRODUCT_NAME = "$(TARGET_NAME)";
				SWIFT_VERSION = 5.0;
				TARGETED_DEVICE_FAMILY = "1,2";
				TEST_HOST = "$(BUILT_PRODUCTS_DIR)/face-mbti.app/face-mbti";
			};
			name = Debug;
		};
		CCFB970B261DF99B00B6443E /* Release */ = {
			isa = XCBuildConfiguration;
			buildSettings = {
				BUNDLE_LOADER = "$(TEST_HOST)";
				CODE_SIGN_STYLE = Automatic;
				DEVELOPMENT_TEAM = 56UXM88S2N;
				HEADER_SEARCH_PATHS = "${SRCROOT}/Pods/Firebase/CoreOnly/Sources";
				INFOPLIST_FILE = "face-mbtiTests/Info.plist";
				LD_RUNPATH_SEARCH_PATHS = (
					"$(inherited)",
					"@executable_path/Frameworks",
					"@loader_path/Frameworks",
				);
				PRODUCT_BUNDLE_IDENTIFIER = "com.face-mbti.face-mbtiTests";
				PRODUCT_NAME = "$(TARGET_NAME)";
				SWIFT_VERSION = 5.0;
				TARGETED_DEVICE_FAMILY = "1,2";
				TEST_HOST = "$(BUILT_PRODUCTS_DIR)/face-mbti.app/face-mbti";
			};
			name = Release;
		};
		F40A9CD12610384A00CC47BA /* Debug */ = {
			isa = XCBuildConfiguration;
			buildSettings = {
				ALWAYS_SEARCH_USER_PATHS = NO;
				CLANG_ANALYZER_NONNULL = YES;
				CLANG_ANALYZER_NUMBER_OBJECT_CONVERSION = YES_AGGRESSIVE;
				CLANG_CXX_LANGUAGE_STANDARD = "gnu++14";
				CLANG_CXX_LIBRARY = "libc++";
				CLANG_ENABLE_MODULES = YES;
				CLANG_ENABLE_OBJC_ARC = YES;
				CLANG_ENABLE_OBJC_WEAK = YES;
				CLANG_WARN_BLOCK_CAPTURE_AUTORELEASING = YES;
				CLANG_WARN_BOOL_CONVERSION = YES;
				CLANG_WARN_COMMA = YES;
				CLANG_WARN_CONSTANT_CONVERSION = YES;
				CLANG_WARN_DEPRECATED_OBJC_IMPLEMENTATIONS = YES;
				CLANG_WARN_DIRECT_OBJC_ISA_USAGE = YES_ERROR;
				CLANG_WARN_DOCUMENTATION_COMMENTS = YES;
				CLANG_WARN_EMPTY_BODY = YES;
				CLANG_WARN_ENUM_CONVERSION = YES;
				CLANG_WARN_INFINITE_RECURSION = YES;
				CLANG_WARN_INT_CONVERSION = YES;
				CLANG_WARN_NON_LITERAL_NULL_CONVERSION = YES;
				CLANG_WARN_OBJC_IMPLICIT_RETAIN_SELF = YES;
				CLANG_WARN_OBJC_LITERAL_CONVERSION = YES;
				CLANG_WARN_OBJC_ROOT_CLASS = YES_ERROR;
				CLANG_WARN_QUOTED_INCLUDE_IN_FRAMEWORK_HEADER = YES;
				CLANG_WARN_RANGE_LOOP_ANALYSIS = YES;
				CLANG_WARN_STRICT_PROTOTYPES = YES;
				CLANG_WARN_SUSPICIOUS_MOVE = YES;
				CLANG_WARN_UNGUARDED_AVAILABILITY = YES_AGGRESSIVE;
				CLANG_WARN_UNREACHABLE_CODE = YES;
				CLANG_WARN__DUPLICATE_METHOD_MATCH = YES;
				COPY_PHASE_STRIP = NO;
				DEBUG_INFORMATION_FORMAT = dwarf;
				ENABLE_STRICT_OBJC_MSGSEND = YES;
				ENABLE_TESTABILITY = YES;
				GCC_C_LANGUAGE_STANDARD = gnu11;
				GCC_DYNAMIC_NO_PIC = NO;
				GCC_NO_COMMON_BLOCKS = YES;
				GCC_OPTIMIZATION_LEVEL = 0;
				GCC_PREPROCESSOR_DEFINITIONS = (
					"DEBUG=1",
					"$(inherited)",
				);
				GCC_WARN_64_TO_32_BIT_CONVERSION = YES;
				GCC_WARN_ABOUT_RETURN_TYPE = YES_ERROR;
				GCC_WARN_UNDECLARED_SELECTOR = YES;
				GCC_WARN_UNINITIALIZED_AUTOS = YES_AGGRESSIVE;
				GCC_WARN_UNUSED_FUNCTION = YES;
				GCC_WARN_UNUSED_VARIABLE = YES;
				IPHONEOS_DEPLOYMENT_TARGET = 14.4;
				MTL_ENABLE_DEBUG_INFO = INCLUDE_SOURCE;
				MTL_FAST_MATH = YES;
				ONLY_ACTIVE_ARCH = YES;
				SDKROOT = iphoneos;
				SWIFT_ACTIVE_COMPILATION_CONDITIONS = DEBUG;
				SWIFT_OPTIMIZATION_LEVEL = "-Onone";
			};
			name = Debug;
		};
		F40A9CD22610384A00CC47BA /* Release */ = {
			isa = XCBuildConfiguration;
			buildSettings = {
				ALWAYS_SEARCH_USER_PATHS = NO;
				CLANG_ANALYZER_NONNULL = YES;
				CLANG_ANALYZER_NUMBER_OBJECT_CONVERSION = YES_AGGRESSIVE;
				CLANG_CXX_LANGUAGE_STANDARD = "gnu++14";
				CLANG_CXX_LIBRARY = "libc++";
				CLANG_ENABLE_MODULES = YES;
				CLANG_ENABLE_OBJC_ARC = YES;
				CLANG_ENABLE_OBJC_WEAK = YES;
				CLANG_WARN_BLOCK_CAPTURE_AUTORELEASING = YES;
				CLANG_WARN_BOOL_CONVERSION = YES;
				CLANG_WARN_COMMA = YES;
				CLANG_WARN_CONSTANT_CONVERSION = YES;
				CLANG_WARN_DEPRECATED_OBJC_IMPLEMENTATIONS = YES;
				CLANG_WARN_DIRECT_OBJC_ISA_USAGE = YES_ERROR;
				CLANG_WARN_DOCUMENTATION_COMMENTS = YES;
				CLANG_WARN_EMPTY_BODY = YES;
				CLANG_WARN_ENUM_CONVERSION = YES;
				CLANG_WARN_INFINITE_RECURSION = YES;
				CLANG_WARN_INT_CONVERSION = YES;
				CLANG_WARN_NON_LITERAL_NULL_CONVERSION = YES;
				CLANG_WARN_OBJC_IMPLICIT_RETAIN_SELF = YES;
				CLANG_WARN_OBJC_LITERAL_CONVERSION = YES;
				CLANG_WARN_OBJC_ROOT_CLASS = YES_ERROR;
				CLANG_WARN_QUOTED_INCLUDE_IN_FRAMEWORK_HEADER = YES;
				CLANG_WARN_RANGE_LOOP_ANALYSIS = YES;
				CLANG_WARN_STRICT_PROTOTYPES = YES;
				CLANG_WARN_SUSPICIOUS_MOVE = YES;
				CLANG_WARN_UNGUARDED_AVAILABILITY = YES_AGGRESSIVE;
				CLANG_WARN_UNREACHABLE_CODE = YES;
				CLANG_WARN__DUPLICATE_METHOD_MATCH = YES;
				COPY_PHASE_STRIP = NO;
				DEBUG_INFORMATION_FORMAT = "dwarf-with-dsym";
				ENABLE_NS_ASSERTIONS = NO;
				ENABLE_STRICT_OBJC_MSGSEND = YES;
				GCC_C_LANGUAGE_STANDARD = gnu11;
				GCC_NO_COMMON_BLOCKS = YES;
				GCC_WARN_64_TO_32_BIT_CONVERSION = YES;
				GCC_WARN_ABOUT_RETURN_TYPE = YES_ERROR;
				GCC_WARN_UNDECLARED_SELECTOR = YES;
				GCC_WARN_UNINITIALIZED_AUTOS = YES_AGGRESSIVE;
				GCC_WARN_UNUSED_FUNCTION = YES;
				GCC_WARN_UNUSED_VARIABLE = YES;
				IPHONEOS_DEPLOYMENT_TARGET = 14.4;
				MTL_ENABLE_DEBUG_INFO = NO;
				MTL_FAST_MATH = YES;
				SDKROOT = iphoneos;
				SWIFT_COMPILATION_MODE = wholemodule;
				SWIFT_OPTIMIZATION_LEVEL = "-O";
				VALIDATE_PRODUCT = YES;
			};
			name = Release;
		};
		F40A9CD42610384A00CC47BA /* Debug */ = {
			isa = XCBuildConfiguration;
			baseConfigurationReference = E6C272E5954487F4A497772F /* Pods-face-mbti.debug.xcconfig */;
			buildSettings = {
				ASSETCATALOG_COMPILER_APPICON_NAME = AppIcon;
				ASSETCATALOG_COMPILER_GLOBAL_ACCENT_COLOR_NAME = AccentColor;
				CODE_SIGN_IDENTITY = "Apple Development";
				CODE_SIGN_STYLE = Automatic;
				DEVELOPMENT_ASSET_PATHS = "\"face-mbti/Preview Content\"";
				DEVELOPMENT_TEAM = 56UXM88S2N;
				ENABLE_PREVIEWS = YES;
				INFOPLIST_FILE = "face-mbti/Info.plist";
				LD_RUNPATH_SEARCH_PATHS = (
					"$(inherited)",
					"@executable_path/Frameworks",
				);
				PRODUCT_BUNDLE_IDENTIFIER = "com.face-mbti.face-mbti";
				PRODUCT_NAME = "$(TARGET_NAME)";
				PROVISIONING_PROFILE_SPECIFIER = "";
				SWIFT_VERSION = 5.0;
				TARGETED_DEVICE_FAMILY = 1;
			};
			name = Debug;
		};
		F40A9CD52610384A00CC47BA /* Release */ = {
			isa = XCBuildConfiguration;
			baseConfigurationReference = FC6F7B8031A9019987650AFE /* Pods-face-mbti.release.xcconfig */;
			buildSettings = {
				ASSETCATALOG_COMPILER_APPICON_NAME = AppIcon;
				ASSETCATALOG_COMPILER_GLOBAL_ACCENT_COLOR_NAME = AccentColor;
				CODE_SIGN_IDENTITY = "Apple Development";
				CODE_SIGN_STYLE = Automatic;
				DEVELOPMENT_ASSET_PATHS = "\"face-mbti/Preview Content\"";
				DEVELOPMENT_TEAM = 56UXM88S2N;
				ENABLE_PREVIEWS = YES;
				INFOPLIST_FILE = "face-mbti/Info.plist";
				LD_RUNPATH_SEARCH_PATHS = (
					"$(inherited)",
					"@executable_path/Frameworks",
				);
				PRODUCT_BUNDLE_IDENTIFIER = "com.face-mbti.face-mbti";
				PRODUCT_NAME = "$(TARGET_NAME)";
				PROVISIONING_PROFILE_SPECIFIER = "";
				SWIFT_VERSION = 5.0;
				TARGETED_DEVICE_FAMILY = 1;
			};
			name = Release;
		};
/* End XCBuildConfiguration section */

/* Begin XCConfigurationList section */
		CCFB9709261DF99B00B6443E /* Build configuration list for PBXNativeTarget "face-mbtiTests" */ = {
			isa = XCConfigurationList;
			buildConfigurations = (
				CCFB970A261DF99B00B6443E /* Debug */,
				CCFB970B261DF99B00B6443E /* Release */,
			);
			defaultConfigurationIsVisible = 0;
			defaultConfigurationName = Release;
		};
		F40A9CBA2610384A00CC47BA /* Build configuration list for PBXProject "face-mbti" */ = {
			isa = XCConfigurationList;
			buildConfigurations = (
				F40A9CD12610384A00CC47BA /* Debug */,
				F40A9CD22610384A00CC47BA /* Release */,
			);
			defaultConfigurationIsVisible = 0;
			defaultConfigurationName = Release;
		};
		F40A9CD32610384A00CC47BA /* Build configuration list for PBXNativeTarget "face-mbti" */ = {
			isa = XCConfigurationList;
			buildConfigurations = (
				F40A9CD42610384A00CC47BA /* Debug */,
				F40A9CD52610384A00CC47BA /* Release */,
			);
			defaultConfigurationIsVisible = 0;
			defaultConfigurationName = Release;
		};
/* End XCConfigurationList section */

/* Begin XCRemoteSwiftPackageReference section */
		CC461A9B2614B9BD00CF7957 /* XCRemoteSwiftPackageReference "SwiftUIX" */ = {
			isa = XCRemoteSwiftPackageReference;
			repositoryURL = "https://github.com/SwiftUIX/SwiftUIX";
			requirement = {
				branch = master;
				kind = branch;
			};
		};
/* End XCRemoteSwiftPackageReference section */

/* Begin XCSwiftPackageProductDependency section */
		CC461A9C2614B9BD00CF7957 /* SwiftUIX */ = {
			isa = XCSwiftPackageProductDependency;
			package = CC461A9B2614B9BD00CF7957 /* XCRemoteSwiftPackageReference "SwiftUIX" */;
			productName = SwiftUIX;
		};
/* End XCSwiftPackageProductDependency section */
	};
	rootObject = F40A9CB72610384A00CC47BA /* Project object */;
}
